// !$*UTF8*$!
{
	archiveVersion = 1;
	classes = {
	};
	objectVersion = 55;
	objects = {

/* Begin PBXBuildFile section */
		E6F2638A286C763900C936D1 /* BB_QotesApp.swift in Sources */ = {isa = PBXBuildFile; fileRef = E6F26389286C763900C936D1 /* BB_QotesApp.swift */; };
		E6F2638C286C763900C936D1 /* ContentView.swift in Sources */ = {isa = PBXBuildFile; fileRef = E6F2638B286C763900C936D1 /* ContentView.swift */; };
		E6F2638E286C763900C936D1 /* Assets.xcassets in Resources */ = {isa = PBXBuildFile; fileRef = E6F2638D286C763900C936D1 /* Assets.xcassets */; };
		E6F26391286C763900C936D1 /* Preview Assets.xcassets in Resources */ = {isa = PBXBuildFile; fileRef = E6F26390286C763900C936D1 /* Preview Assets.xcassets */; };
		E6F26398286C78DA00C936D1 /* samplecharacter.json in Resources */ = {isa = PBXBuildFile; fileRef = E6F26397286C78DA00C936D1 /* samplecharacter.json */; };
		E6F2639A286C7C1500C936D1 /* Quote.swift in Sources */ = {isa = PBXBuildFile; fileRef = E6F26399286C7C1500C936D1 /* Quote.swift */; };
		E6F2639C286C7F2100C936D1 /* Character.swift in Sources */ = {isa = PBXBuildFile; fileRef = E6F2639B286C7F2100C936D1 /* Character.swift */; };
		E6F2639E286C825D00C936D1 /* FetchController.swift in Sources */ = {isa = PBXBuildFile; fileRef = E6F2639D286C825D00C936D1 /* FetchController.swift */; };
		E6F263A0286C8E1400C936D1 /* ViewModel.swift in Sources */ = {isa = PBXBuildFile; fileRef = E6F2639F286C8E1400C936D1 /* ViewModel.swift */; };
		E6F263A2286C941200C936D1 /* QuoteView.swift in Sources */ = {isa = PBXBuildFile; fileRef = E6F263A1286C941200C936D1 /* QuoteView.swift */; };
		E6F263A4286CDD4700C936D1 /* CharacterView.swift in Sources */ = {isa = PBXBuildFile; fileRef = E6F263A3286CDD4700C936D1 /* CharacterView.swift */; };
/* End PBXBuildFile section */

/* Begin PBXFileReference section */
		E6F26386286C763900C936D1 /* BB Qotes.app */ = {isa = PBXFileReference; explicitFileType = wrapper.application; includeInIndex = 0; path = "BB Qotes.app"; sourceTree = BUILT_PRODUCTS_DIR; };
		E6F26389286C763900C936D1 /* BB_QotesApp.swift */ = {isa = PBXFileReference; lastKnownFileType = sourcecode.swift; path = BB_QotesApp.swift; sourceTree = "<group>"; };
		E6F2638B286C763900C936D1 /* ContentView.swift */ = {isa = PBXFileReference; lastKnownFileType = sourcecode.swift; path = ContentView.swift; sourceTree = "<group>"; };
		E6F2638D286C763900C936D1 /* Assets.xcassets */ = {isa = PBXFileReference; lastKnownFileType = folder.assetcatalog; path = Assets.xcassets; sourceTree = "<group>"; };
		E6F26390286C763900C936D1 /* Preview Assets.xcassets */ = {isa = PBXFileReference; lastKnownFileType = folder.assetcatalog; path = "Preview Assets.xcassets"; sourceTree = "<group>"; };
		E6F26397286C78DA00C936D1 /* samplecharacter.json */ = {isa = PBXFileReference; fileEncoding = 4; lastKnownFileType = text.json; path = samplecharacter.json; sourceTree = SOURCE_ROOT; };
		E6F26399286C7C1500C936D1 /* Quote.swift */ = {isa = PBXFileReference; lastKnownFileType = sourcecode.swift; path = Quote.swift; sourceTree = "<group>"; };
		E6F2639B286C7F2100C936D1 /* Character.swift */ = {isa = PBXFileReference; lastKnownFileType = sourcecode.swift; path = Character.swift; sourceTree = "<group>"; };
		E6F2639D286C825D00C936D1 /* FetchController.swift */ = {isa = PBXFileReference; lastKnownFileType = sourcecode.swift; path = FetchController.swift; sourceTree = "<group>"; };
		E6F2639F286C8E1400C936D1 /* ViewModel.swift */ = {isa = PBXFileReference; lastKnownFileType = sourcecode.swift; path = ViewModel.swift; sourceTree = "<group>"; };
		E6F263A1286C941200C936D1 /* QuoteView.swift */ = {isa = PBXFileReference; lastKnownFileType = sourcecode.swift; path = QuoteView.swift; sourceTree = "<group>"; };
		E6F263A3286CDD4700C936D1 /* CharacterView.swift */ = {isa = PBXFileReference; lastKnownFileType = sourcecode.swift; path = CharacterView.swift; sourceTree = "<group>"; };
/* End PBXFileReference section */

/* Begin PBXFrameworksBuildPhase section */
		E6F26383286C763900C936D1 /* Frameworks */ = {
			isa = PBXFrameworksBuildPhase;
			buildActionMask = 2147483647;
			files = (
			);
			runOnlyForDeploymentPostprocessing = 0;
		};
/* End PBXFrameworksBuildPhase section */

/* Begin PBXGroup section */
		E6F2637D286C763900C936D1 = {
			isa = PBXGroup;
			children = (
				E6F26388286C763900C936D1 /* BB Qotes */,
				E6F26387286C763900C936D1 /* Products */,
			);
			sourceTree = "<group>";
		};
		E6F26387286C763900C936D1 /* Products */ = {
			isa = PBXGroup;
			children = (
				E6F26386286C763900C936D1 /* BB Qotes.app */,
			);
			name = Products;
			sourceTree = "<group>";
		};
		E6F26388286C763900C936D1 /* BB Qotes */ = {
			isa = PBXGroup;
			children = (
				E6F26389286C763900C936D1 /* BB_QotesApp.swift */,
				E6F2638B286C763900C936D1 /* ContentView.swift */,
				E6F263A1286C941200C936D1 /* QuoteView.swift */,
				E6F263A3286CDD4700C936D1 /* CharacterView.swift */,
				E6F2639D286C825D00C936D1 /* FetchController.swift */,
				E6F2639F286C8E1400C936D1 /* ViewModel.swift */,
				E6F26399286C7C1500C936D1 /* Quote.swift */,
				E6F2639B286C7F2100C936D1 /* Character.swift */,
				E6F26397286C78DA00C936D1 /* samplecharacter.json */,
				E6F2638D286C763900C936D1 /* Assets.xcassets */,
				E6F2638F286C763900C936D1 /* Preview Content */,
			);
			path = "BB Qotes";
			sourceTree = "<group>";
		};
		E6F2638F286C763900C936D1 /* Preview Content */ = {
			isa = PBXGroup;
			children = (
				E6F26390286C763900C936D1 /* Preview Assets.xcassets */,
			);
			path = "Preview Content";
			sourceTree = "<group>";
		};
/* End PBXGroup section */

/* Begin PBXNativeTarget section */
		E6F26385286C763900C936D1 /* BB Qotes */ = {
			isa = PBXNativeTarget;
			buildConfigurationList = E6F26394286C763900C936D1 /* Build configuration list for PBXNativeTarget "BB Qotes" */;
			buildPhases = (
				E6F26382286C763900C936D1 /* Sources */,
				E6F26383286C763900C936D1 /* Frameworks */,
				E6F26384286C763900C936D1 /* Resources */,
			);
			buildRules = (
			);
			dependencies = (
			);
			name = "BB Qotes";
			productName = "BB Qotes";
			productReference = E6F26386286C763900C936D1 /* BB Qotes.app */;
			productType = "com.apple.product-type.application";
		};
/* End PBXNativeTarget section */

/* Begin PBXProject section */
		E6F2637E286C763900C936D1 /* Project object */ = {
			isa = PBXProject;
			attributes = {
				BuildIndependentTargetsInParallel = 1;
				LastSwiftUpdateCheck = 1340;
				LastUpgradeCheck = 1340;
				TargetAttributes = {
					E6F26385286C763900C936D1 = {
						CreatedOnToolsVersion = 13.4.1;
					};
				};
			};
			buildConfigurationList = E6F26381286C763900C936D1 /* Build configuration list for PBXProject "BB Qotes" */;
			compatibilityVersion = "Xcode 13.0";
			developmentRegion = en;
			hasScannedForEncodings = 0;
			knownRegions = (
				en,
				Base,
			);
			mainGroup = E6F2637D286C763900C936D1;
			productRefGroup = E6F26387286C763900C936D1 /* Products */;
			projectDirPath = "";
			projectRoot = "";
			targets = (
				E6F26385286C763900C936D1 /* BB Qotes */,
			);
		};
/* End PBXProject section */

/* Begin PBXResourcesBuildPhase section */
		E6F26384286C763900C936D1 /* Resources */ = {
			isa = PBXResourcesBuildPhase;
			buildActionMask = 2147483647;
			files = (
				E6F26391286C763900C936D1 /* Preview Assets.xcassets in Resources */,
				E6F26398286C78DA00C936D1 /* samplecharacter.json in Resources */,
				E6F2638E286C763900C936D1 /* Assets.xcassets in Resources */,
			);
			runOnlyForDeploymentPostprocessing = 0;
		};
/* End PBXResourcesBuildPhase section */

/* Begin PBXSourcesBuildPhase section */
		E6F26382286C763900C936D1 /* Sources */ = {
			isa = PBXSourcesBuildPhase;
			buildActionMask = 2147483647;
			files = (
				E6F2638C286C763900C936D1 /* ContentView.swift in Sources */,
				E6F2639A286C7C1500C936D1 /* Quote.swift in Sources */,
				E6F2638A286C763900C936D1 /* BB_QotesApp.swift in Sources */,
				E6F2639E286C825D00C936D1 /* FetchController.swift in Sources */,
				E6F263A2286C941200C936D1 /* QuoteView.swift in Sources */,
				E6F263A0286C8E1400C936D1 /* ViewModel.swift in Sources */,
				E6F263A4286CDD4700C936D1 /* CharacterView.swift in Sources */,
				E6F2639C286C7F2100C936D1 /* Character.swift in Sources */,
			);
			runOnlyForDeploymentPostprocessing = 0;
		};
/* End PBXSourcesBuildPhase section */

/* Begin XCBuildConfiguration section */
		E6F26392286C763900C936D1 /* Debug */ = {
			isa = XCBuildConfiguration;
			buildSettings = {
				ALWAYS_SEARCH_USER_PATHS = NO;
				CLANG_ANALYZER_NONNULL = YES;
				CLANG_ANALYZER_NUMBER_OBJECT_CONVERSION = YES_AGGRESSIVE;
				CLANG_CXX_LANGUAGE_STANDARD = "gnu++17";
				CLANG_ENABLE_MODULES = YES;
				CLANG_ENABLE_OBJC_ARC = YES;
				CLANG_ENABLE_OBJC_WEAK = YES;
				CLANG_WARN_BLOCK_CAPTURE_AUTORELEASING = YES;
				CLANG_WARN_BOOL_CONVERSION = YES;
				CLANG_WARN_COMMA = YES;
				CLANG_WARN_CONSTANT_CONVERSION = YES;
				CLANG_WARN_DEPRECATED_OBJC_IMPLEMENTATIONS = YES;
				CLANG_WARN_DIRECT_OBJC_ISA_USAGE = YES_ERROR;
				CLANG_WARN_DOCUMENTATION_COMMENTS = YES;
				CLANG_WARN_EMPTY_BODY = YES;
				CLANG_WARN_ENUM_CONVERSION = YES;
				CLANG_WARN_INFINITE_RECURSION = YES;
				CLANG_WARN_INT_CONVERSION = YES;
				CLANG_WARN_NON_LITERAL_NULL_CONVERSION = YES;
				CLANG_WARN_OBJC_IMPLICIT_RETAIN_SELF = YES;
				CLANG_WARN_OBJC_LITERAL_CONVERSION = YES;
				CLANG_WARN_OBJC_ROOT_CLASS = YES_ERROR;
				CLANG_WARN_QUOTED_INCLUDE_IN_FRAMEWORK_HEADER = YES;
				CLANG_WARN_RANGE_LOOP_ANALYSIS = YES;
				CLANG_WARN_STRICT_PROTOTYPES = YES;
				CLANG_WARN_SUSPICIOUS_MOVE = YES;
				CLANG_WARN_UNGUARDED_AVAILABILITY = YES_AGGRESSIVE;
				CLANG_WARN_UNREACHABLE_CODE = YES;
				CLANG_WARN__DUPLICATE_METHOD_MATCH = YES;
				COPY_PHASE_STRIP = NO;
				DEBUG_INFORMATION_FORMAT = dwarf;
				ENABLE_STRICT_OBJC_MSGSEND = YES;
				ENABLE_TESTABILITY = YES;
				GCC_C_LANGUAGE_STANDARD = gnu11;
				GCC_DYNAMIC_NO_PIC = NO;
				GCC_NO_COMMON_BLOCKS = YES;
				GCC_OPTIMIZATION_LEVEL = 0;
				GCC_PREPROCESSOR_DEFINITIONS = (
					"DEBUG=1",
					"$(inherited)",
				);
				GCC_WARN_64_TO_32_BIT_CONVERSION = YES;
				GCC_WARN_ABOUT_RETURN_TYPE = YES_ERROR;
				GCC_WARN_UNDECLARED_SELECTOR = YES;
				GCC_WARN_UNINITIALIZED_AUTOS = YES_AGGRESSIVE;
				GCC_WARN_UNUSED_FUNCTION = YES;
				GCC_WARN_UNUSED_VARIABLE = YES;
				IPHONEOS_DEPLOYMENT_TARGET = 15.5;
				MTL_ENABLE_DEBUG_INFO = INCLUDE_SOURCE;
				MTL_FAST_MATH = YES;
				ONLY_ACTIVE_ARCH = YES;
				SDKROOT = iphoneos;
				SWIFT_ACTIVE_COMPILATION_CONDITIONS = DEBUG;
				SWIFT_OPTIMIZATION_LEVEL = "-Onone";
			};
			name = Debug;
		};
		E6F26393286C763900C936D1 /* Release */ = {
			isa = XCBuildConfiguration;
			buildSettings = {
				ALWAYS_SEARCH_USER_PATHS = NO;
				CLANG_ANALYZER_NONNULL = YES;
				CLANG_ANALYZER_NUMBER_OBJECT_CONVERSION = YES_AGGRESSIVE;
				CLANG_CXX_LANGUAGE_STANDARD = "gnu++17";
				CLANG_ENABLE_MODULES = YES;
				CLANG_ENABLE_OBJC_ARC = YES;
				CLANG_ENABLE_OBJC_WEAK = YES;
				CLANG_WARN_BLOCK_CAPTURE_AUTORELEASING = YES;
				CLANG_WARN_BOOL_CONVERSION = YES;
				CLANG_WARN_COMMA = YES;
				CLANG_WARN_CONSTANT_CONVERSION = YES;
				CLANG_WARN_DEPRECATED_OBJC_IMPLEMENTATIONS = YES;
				CLANG_WARN_DIRECT_OBJC_ISA_USAGE = YES_ERROR;
				CLANG_WARN_DOCUMENTATION_COMMENTS = YES;
				CLANG_WARN_EMPTY_BODY = YES;
				CLANG_WARN_ENUM_CONVERSION = YES;
				CLANG_WARN_INFINITE_RECURSION = YES;
				CLANG_WARN_INT_CONVERSION = YES;
				CLANG_WARN_NON_LITERAL_NULL_CONVERSION = YES;
				CLANG_WARN_OBJC_IMPLICIT_RETAIN_SELF = YES;
				CLANG_WARN_OBJC_LITERAL_CONVERSION = YES;
				CLANG_WARN_OBJC_ROOT_CLASS = YES_ERROR;
				CLANG_WARN_QUOTED_INCLUDE_IN_FRAMEWORK_HEADER = YES;
				CLANG_WARN_RANGE_LOOP_ANALYSIS = YES;
				CLANG_WARN_STRICT_PROTOTYPES = YES;
				CLANG_WARN_SUSPICIOUS_MOVE = YES;
				CLANG_WARN_UNGUARDED_AVAILABILITY = YES_AGGRESSIVE;
				CLANG_WARN_UNREACHABLE_CODE = YES;
				CLANG_WARN__DUPLICATE_METHOD_MATCH = YES;
				COPY_PHASE_STRIP = NO;
				DEBUG_INFORMATION_FORMAT = "dwarf-with-dsym";
				ENABLE_NS_ASSERTIONS = NO;
				ENABLE_STRICT_OBJC_MSGSEND = YES;
				GCC_C_LANGUAGE_STANDARD = gnu11;
				GCC_NO_COMMON_BLOCKS = YES;
				GCC_WARN_64_TO_32_BIT_CONVERSION = YES;
				GCC_WARN_ABOUT_RETURN_TYPE = YES_ERROR;
				GCC_WARN_UNDECLARED_SELECTOR = YES;
				GCC_WARN_UNINITIALIZED_AUTOS = YES_AGGRESSIVE;
				GCC_WARN_UNUSED_FUNCTION = YES;
				GCC_WARN_UNUSED_VARIABLE = YES;
				IPHONEOS_DEPLOYMENT_TARGET = 15.5;
				MTL_ENABLE_DEBUG_INFO = NO;
				MTL_FAST_MATH = YES;
				SDKROOT = iphoneos;
				SWIFT_COMPILATION_MODE = wholemodule;
				SWIFT_OPTIMIZATION_LEVEL = "-O";
				VALIDATE_PRODUCT = YES;
			};
			name = Release;
		};
		E6F26395286C763900C936D1 /* Debug */ = {
			isa = XCBuildConfiguration;
			buildSettings = {
				ASSETCATALOG_COMPILER_APPICON_NAME = AppIcon;
				ASSETCATALOG_COMPILER_GLOBAL_ACCENT_COLOR_NAME = AccentColor;
				CODE_SIGN_STYLE = Automatic;
				CURRENT_PROJECT_VERSION = 1;
				DEVELOPMENT_ASSET_PATHS = "\"BB Qotes/Preview Content\"";
				DEVELOPMENT_TEAM = 2B43974B8L;
				ENABLE_PREVIEWS = YES;
				GENERATE_INFOPLIST_FILE = YES;
				INFOPLIST_KEY_CFBundleDisplayName = "Say My Name";
				INFOPLIST_KEY_UIApplicationSceneManifest_Generation = YES;
				INFOPLIST_KEY_UIApplicationSupportsIndirectInputEvents = YES;
				INFOPLIST_KEY_UILaunchScreen_Generation = YES;
				INFOPLIST_KEY_UISupportedInterfaceOrientations_iPad = "UIInterfaceOrientationPortrait UIInterfaceOrientationPortraitUpsideDown UIInterfaceOrientationLandscapeLeft UIInterfaceOrientationLandscapeRight";
				INFOPLIST_KEY_UISupportedInterfaceOrientations_iPhone = "UIInterfaceOrientationPortrait UIInterfaceOrientationLandscapeLeft UIInterfaceOrientationLandscapeRight";
				LD_RUNPATH_SEARCH_PATHS = (
					"$(inherited)",
					"@executable_path/Frameworks",
				);
				MARKETING_VERSION = 1.0;
				PRODUCT_BUNDLE_IDENTIFIER = "com.elisei.BB-Qotes";
				PRODUCT_NAME = "$(TARGET_NAME)";
				SWIFT_EMIT_LOC_STRINGS = YES;
				SWIFT_VERSION = 5.0;
				TARGETED_DEVICE_FAMILY = "1,2";
			};
			name = Debug;
		};
		E6F26396286C763900C936D1 /* Release */ = {
			isa = XCBuildConfiguration;
			buildSettings = {
				ASSETCATALOG_COMPILER_APPICON_NAME = AppIcon;
				ASSETCATALOG_COMPILER_GLOBAL_ACCENT_COLOR_NAME = AccentColor;
				CODE_SIGN_STYLE = Automatic;
				CURRENT_PROJECT_VERSION = 1;
				DEVELOPMENT_ASSET_PATHS = "\"BB Qotes/Preview Content\"";
				DEVELOPMENT_TEAM = 2B43974B8L;
				ENABLE_PREVIEWS = YES;
				GENERATE_INFOPLIST_FILE = YES;
				INFOPLIST_KEY_CFBundleDisplayName = "Say My Name";
				INFOPLIST_KEY_UIApplicationSceneManifest_Generation = YES;
				INFOPLIST_KEY_UIApplicationSupportsIndirectInputEvents = YES;
				INFOPLIST_KEY_UILaunchScreen_Generation = YES;
				INFOPLIST_KEY_UISupportedInterfaceOrientations_iPad = "UIInterfaceOrientationPortrait UIInterfaceOrientationPortraitUpsideDown UIInterfaceOrientationLandscapeLeft UIInterfaceOrientationLandscapeRight";
				INFOPLIST_KEY_UISupportedInterfaceOrientations_iPhone = "UIInterfaceOrientationPortrait UIInterfaceOrientationLandscapeLeft UIInterfaceOrientationLandscapeRight";
				LD_RUNPATH_SEARCH_PATHS = (
					"$(inherited)",
					"@executable_path/Frameworks",
				);
				MARKETING_VERSION = 1.0;
				PRODUCT_BUNDLE_IDENTIFIER = "com.elisei.BB-Qotes";
				PRODUCT_NAME = "$(TARGET_NAME)";
				SWIFT_EMIT_LOC_STRINGS = YES;
				SWIFT_VERSION = 5.0;
				TARGETED_DEVICE_FAMILY = "1,2";
			};
			name = Release;
		};
/* End XCBuildConfiguration section */

/* Begin XCConfigurationList section */
		E6F26381286C763900C936D1 /* Build configuration list for PBXProject "BB Qotes" */ = {
			isa = XCConfigurationList;
			buildConfigurations = (
				E6F26392286C763900C936D1 /* Debug */,
				E6F26393286C763900C936D1 /* Release */,
			);
			defaultConfigurationIsVisible = 0;
			defaultConfigurationName = Release;
		};
		E6F26394286C763900C936D1 /* Build configuration list for PBXNativeTarget "BB Qotes" */ = {
			isa = XCConfigurationList;
			buildConfigurations = (
				E6F26395286C763900C936D1 /* Debug */,
				E6F26396286C763900C936D1 /* Release */,
			);
			defaultConfigurationIsVisible = 0;
			defaultConfigurationName = Release;
		};
/* End XCConfigurationList section */
	};
	rootObject = E6F2637E286C763900C936D1 /* Project object */;
}
